PODS:
  - IQKeyboardManager (4.0.4)
  - MBProgressHUD (1.0.0)
  - SWRevealViewController (2.3.0)
  - TPKeyboardAvoiding (1.3)

DEPENDENCIES:
  - IQKeyboardManager
  - MBProgressHUD
  - SWRevealViewController
  - TPKeyboardAvoiding

SPEC CHECKSUMS:
  IQKeyboardManager: 4a6f83b540283c2645aaeba2bd8dc0f09b5c77f8
  MBProgressHUD: 4890f671c94e8a0f3cf959aa731e9de2f036d71a
  SWRevealViewController: 6d3fd97f70112fd7cef9de14df4260eacce4c63a
  TPKeyboardAvoiding: a5138f318c06fb3e151f886e18ce4a72695d9cbe

PODFILE CHECKSUM: 3b84513a69489d32842e5c6269431a092b02d00b

COCOAPODS: 1.0.1
