// !$*UTF8*$!
{
	archiveVersion = 1;
	classes = {
	};
	objectVersion = 46;
	objects = {

/* Begin PBXBuildFile section */
		0650F8006589F08792F80B2D /* libPods-Gemification.a in Frameworks */ = {isa = PBXBuildFile; fileRef = 9E2579776EBE7ACF23EDA418 /* libPods-Gemification.a */; };
		096AF877E68B5E3D060F1F43 /* libPods-GemificationTests.a in Frameworks */ = {isa = PBXBuildFile; fileRef = AFC84AAAABE4C1459396C39B /* libPods-GemificationTests.a */; };
		0E1A2AE41D78B7B800D78CD8 /* ChatViewController.m in Sources */ = {isa = PBXBuildFile; fileRef = 0E1A2AE31D78B7B800D78CD8 /* ChatViewController.m */; };
		0E1A2AE81D78B7FC00D78CD8 /* SoftSkillViewController.m in Sources */ = {isa = PBXBuildFile; fileRef = 0E1A2AE71D78B7FB00D78CD8 /* SoftSkillViewController.m */; };
		0E1A2AEC1D78B85600D78CD8 /* ProductsViewController.m in Sources */ = {isa = PBXBuildFile; fileRef = 0E1A2AEB1D78B85600D78CD8 /* ProductsViewController.m */; };
		0E1A2AF01D78B89100D78CD8 /* TipsViewController.m in Sources */ = {isa = PBXBuildFile; fileRef = 0E1A2AEF1D78B89100D78CD8 /* TipsViewController.m */; };
		0E1A2AF41D78B8C500D78CD8 /* MyQuizViewController.m in Sources */ = {isa = PBXBuildFile; fileRef = 0E1A2AF31D78B8C500D78CD8 /* MyQuizViewController.m */; };
		0E40FE801D76FD480004C562 /* abcd.png in Resources */ = {isa = PBXBuildFile; fileRef = 0E40FE7F1D76FD480004C562 /* abcd.png */; };
		0E40FE911D76FDF10004C562 /* lSAPIManager.m in Sources */ = {isa = PBXBuildFile; fileRef = 0E40FE841D76FDF10004C562 /* lSAPIManager.m */; };
		0E40FE9B1D7703350004C562 /* SideMenuViewController.m in Sources */ = {isa = PBXBuildFile; fileRef = 0E40FE9A1D7703350004C562 /* SideMenuViewController.m */; };
		0E40FEAA1D7703BB0004C562 /* SideMenuTableViewCell.m in Sources */ = {isa = PBXBuildFile; fileRef = 0E40FEA01D7703BB0004C562 /* SideMenuTableViewCell.m */; };
		0E40FEB01D7706D60004C562 /* LoginViewController.m in Sources */ = {isa = PBXBuildFile; fileRef = 0E40FEAF1D7706D60004C562 /* LoginViewController.m */; };
		0E40FEB41D77070F0004C562 /* SignUpViewController.m in Sources */ = {isa = PBXBuildFile; fileRef = 0E40FEB31D77070F0004C562 /* SignUpViewController.m */; };
		0E40FEB81D7707740004C562 /* DashboardViewController.m in Sources */ = {isa = PBXBuildFile; fileRef = 0E40FEB71D7707740004C562 /* DashboardViewController.m */; };
		0E40FEBC1D7709630004C562 /* ProfileViewController.m in Sources */ = {isa = PBXBuildFile; fileRef = 0E40FEBB1D7709630004C562 /* ProfileViewController.m */; };
		0E47ED7D1D6B30DE00468B08 /* main.m in Sources */ = {isa = PBXBuildFile; fileRef = 0E47ED7C1D6B30DE00468B08 /* main.m */; };
		0E47ED801D6B30DE00468B08 /* AppDelegate.m in Sources */ = {isa = PBXBuildFile; fileRef = 0E47ED7F1D6B30DE00468B08 /* AppDelegate.m */; };
		0E47ED831D6B30DE00468B08 /* ViewController.m in Sources */ = {isa = PBXBuildFile; fileRef = 0E47ED821D6B30DE00468B08 /* ViewController.m */; };
		0E47ED861D6B30DE00468B08 /* Main.storyboard in Resources */ = {isa = PBXBuildFile; fileRef = 0E47ED841D6B30DE00468B08 /* Main.storyboard */; };
		0E47ED881D6B30DE00468B08 /* Assets.xcassets in Resources */ = {isa = PBXBuildFile; fileRef = 0E47ED871D6B30DE00468B08 /* Assets.xcassets */; };
		0E47ED8B1D6B30DE00468B08 /* LaunchScreen.storyboard in Resources */ = {isa = PBXBuildFile; fileRef = 0E47ED891D6B30DE00468B08 /* LaunchScreen.storyboard */; };
		0E47ED961D6B30DF00468B08 /* GemificationTests.m in Sources */ = {isa = PBXBuildFile; fileRef = 0E47ED951D6B30DF00468B08 /* GemificationTests.m */; };
		0E47EDA11D6B30DF00468B08 /* GemificationUITests.m in Sources */ = {isa = PBXBuildFile; fileRef = 0E47EDA01D6B30DF00468B08 /* GemificationUITests.m */; };
		0EA999661D7A212200CF7C48 /* ProductAreaTableViewCell.m in Sources */ = {isa = PBXBuildFile; fileRef = 0EA999651D7A212200CF7C48 /* ProductAreaTableViewCell.m */; };
		0EA9996A1D7A280F00CF7C48 /* ProductAreaViewController.m in Sources */ = {isa = PBXBuildFile; fileRef = 0EA999691D7A280F00CF7C48 /* ProductAreaViewController.m */; };
		0EA9996E1D7A303600CF7C48 /* ProductDetailViewController.m in Sources */ = {isa = PBXBuildFile; fileRef = 0EA9996D1D7A303600CF7C48 /* ProductDetailViewController.m */; };
		6980521435FB1F3860003FE9 /* libPods-GemificationUITests.a in Frameworks */ = {isa = PBXBuildFile; fileRef = 3A96FD8AC6794837E3FEC105 /* libPods-GemificationUITests.a */; };
		FCF4AB1F1D971AA200D5DF1F /* TrainingViewController.m in Sources */ = {isa = PBXBuildFile; fileRef = FCF4AB1E1D971AA200D5DF1F /* TrainingViewController.m */; };
/* End PBXBuildFile section */

/* Begin PBXContainerItemProxy section */
		0E47ED921D6B30DF00468B08 /* PBXContainerItemProxy */ = {
			isa = PBXContainerItemProxy;
			containerPortal = 0E47ED701D6B30DE00468B08 /* Project object */;
			proxyType = 1;
			remoteGlobalIDString = 0E47ED771D6B30DE00468B08;
			remoteInfo = Gemification;
		};
		0E47ED9D1D6B30DF00468B08 /* PBXContainerItemProxy */ = {
			isa = PBXContainerItemProxy;
			containerPortal = 0E47ED701D6B30DE00468B08 /* Project object */;
			proxyType = 1;
			remoteGlobalIDString = 0E47ED771D6B30DE00468B08;
			remoteInfo = Gemification;
		};
/* End PBXContainerItemProxy section */

/* Begin PBXFileReference section */
		0E1A2AE21D78B7B800D78CD8 /* ChatViewController.h */ = {isa = PBXFileReference; fileEncoding = 4; lastKnownFileType = sourcecode.c.h; name = ChatViewController.h; path = ChatViewController/ChatViewController.h; sourceTree = "<group>"; };
		0E1A2AE31D78B7B800D78CD8 /* ChatViewController.m */ = {isa = PBXFileReference; fileEncoding = 4; lastKnownFileType = sourcecode.c.objc; name = ChatViewController.m; path = ChatViewController/ChatViewController.m; sourceTree = "<group>"; };
		0E1A2AE61D78B7FB00D78CD8 /* SoftSkillViewController.h */ = {isa = PBXFileReference; fileEncoding = 4; lastKnownFileType = sourcecode.c.h; name = SoftSkillViewController.h; path = SoftSkillViewController/SoftSkillViewController.h; sourceTree = "<group>"; };
		0E1A2AE71D78B7FB00D78CD8 /* SoftSkillViewController.m */ = {isa = PBXFileReference; fileEncoding = 4; lastKnownFileType = sourcecode.c.objc; name = SoftSkillViewController.m; path = SoftSkillViewController/SoftSkillViewController.m; sourceTree = "<group>"; };
		0E1A2AEA1D78B85600D78CD8 /* ProductsViewController.h */ = {isa = PBXFileReference; fileEncoding = 4; lastKnownFileType = sourcecode.c.h; name = ProductsViewController.h; path = ProductsViewController/ProductsViewController.h; sourceTree = "<group>"; };
		0E1A2AEB1D78B85600D78CD8 /* ProductsViewController.m */ = {isa = PBXFileReference; fileEncoding = 4; lastKnownFileType = sourcecode.c.objc; name = ProductsViewController.m; path = ProductsViewController/ProductsViewController.m; sourceTree = "<group>"; };
		0E1A2AEE1D78B89100D78CD8 /* TipsViewController.h */ = {isa = PBXFileReference; fileEncoding = 4; lastKnownFileType = sourcecode.c.h; name = TipsViewController.h; path = TipsViewController/TipsViewController.h; sourceTree = "<group>"; };
		0E1A2AEF1D78B89100D78CD8 /* TipsViewController.m */ = {isa = PBXFileReference; fileEncoding = 4; lastKnownFileType = sourcecode.c.objc; name = TipsViewController.m; path = TipsViewController/TipsViewController.m; sourceTree = "<group>"; };
		0E1A2AF21D78B8C500D78CD8 /* MyQuizViewController.h */ = {isa = PBXFileReference; fileEncoding = 4; lastKnownFileType = sourcecode.c.h; name = MyQuizViewController.h; path = MyQuizViewController/MyQuizViewController.h; sourceTree = "<group>"; };
		0E1A2AF31D78B8C500D78CD8 /* MyQuizViewController.m */ = {isa = PBXFileReference; fileEncoding = 4; lastKnownFileType = sourcecode.c.objc; name = MyQuizViewController.m; path = MyQuizViewController/MyQuizViewController.m; sourceTree = "<group>"; };
		0E40FE7F1D76FD480004C562 /* abcd.png */ = {isa = PBXFileReference; lastKnownFileType = image.png; path = abcd.png; sourceTree = "<group>"; };
		0E40FE831D76FDF10004C562 /* ISAPIManager.h */ = {isa = PBXFileReference; fileEncoding = 4; lastKnownFileType = sourcecode.c.h; path = ISAPIManager.h; sourceTree = "<group>"; };
		0E40FE841D76FDF10004C562 /* lSAPIManager.m */ = {isa = PBXFileReference; fileEncoding = 4; lastKnownFileType = sourcecode.c.objc; path = lSAPIManager.m; sourceTree = "<group>"; };
		0E40FE861D76FDF10004C562 /* Constants.h */ = {isa = PBXFileReference; fileEncoding = 4; lastKnownFileType = sourcecode.c.h; path = Constants.h; sourceTree = "<group>"; };
		0E40FE971D76FFCE0004C562 /* Gemification.pch */ = {isa = PBXFileReference; lastKnownFileType = sourcecode.c.h; path = Gemification.pch; sourceTree = "<group>"; };
		0E40FE991D7703350004C562 /* SideMenuViewController.h */ = {isa = PBXFileReference; fileEncoding = 4; lastKnownFileType = sourcecode.c.h; path = SideMenuViewController.h; sourceTree = "<group>"; };
		0E40FE9A1D7703350004C562 /* SideMenuViewController.m */ = {isa = PBXFileReference; fileEncoding = 4; lastKnownFileType = sourcecode.c.objc; path = SideMenuViewController.m; sourceTree = "<group>"; };
		0E40FE9F1D7703BB0004C562 /* SideMenuTableViewCell.h */ = {isa = PBXFileReference; fileEncoding = 4; lastKnownFileType = sourcecode.c.h; path = SideMenuTableViewCell.h; sourceTree = "<group>"; };
		0E40FEA01D7703BB0004C562 /* SideMenuTableViewCell.m */ = {isa = PBXFileReference; fileEncoding = 4; lastKnownFileType = sourcecode.c.objc; path = SideMenuTableViewCell.m; sourceTree = "<group>"; };
		0E40FEAE1D7706D60004C562 /* LoginViewController.h */ = {isa = PBXFileReference; fileEncoding = 4; lastKnownFileType = sourcecode.c.h; name = LoginViewController.h; path = LoginViewController.h/LoginViewController.h; sourceTree = "<group>"; };
		0E40FEAF1D7706D60004C562 /* LoginViewController.m */ = {isa = PBXFileReference; fileEncoding = 4; lastKnownFileType = sourcecode.c.objc; name = LoginViewController.m; path = LoginViewController.h/LoginViewController.m; sourceTree = "<group>"; };
		0E40FEB21D77070F0004C562 /* SignUpViewController.h */ = {isa = PBXFileReference; fileEncoding = 4; lastKnownFileType = sourcecode.c.h; name = SignUpViewController.h; path = SignUpViewController/SignUpViewController.h; sourceTree = "<group>"; };
		0E40FEB31D77070F0004C562 /* SignUpViewController.m */ = {isa = PBXFileReference; fileEncoding = 4; lastKnownFileType = sourcecode.c.objc; name = SignUpViewController.m; path = SignUpViewController/SignUpViewController.m; sourceTree = "<group>"; };
		0E40FEB61D7707740004C562 /* DashboardViewController.h */ = {isa = PBXFileReference; fileEncoding = 4; lastKnownFileType = sourcecode.c.h; name = DashboardViewController.h; path = DashboardViewController/DashboardViewController.h; sourceTree = "<group>"; };
		0E40FEB71D7707740004C562 /* DashboardViewController.m */ = {isa = PBXFileReference; fileEncoding = 4; lastKnownFileType = sourcecode.c.objc; name = DashboardViewController.m; path = DashboardViewController/DashboardViewController.m; sourceTree = "<group>"; };
		0E40FEBA1D7709630004C562 /* ProfileViewController.h */ = {isa = PBXFileReference; fileEncoding = 4; lastKnownFileType = sourcecode.c.h; name = ProfileViewController.h; path = ProfileViewController/ProfileViewController.h; sourceTree = "<group>"; };
		0E40FEBB1D7709630004C562 /* ProfileViewController.m */ = {isa = PBXFileReference; fileEncoding = 4; lastKnownFileType = sourcecode.c.objc; name = ProfileViewController.m; path = ProfileViewController/ProfileViewController.m; sourceTree = "<group>"; };
		0E47ED781D6B30DE00468B08 /* Gemification.app */ = {isa = PBXFileReference; explicitFileType = wrapper.application; includeInIndex = 0; path = Gemification.app; sourceTree = BUILT_PRODUCTS_DIR; };
		0E47ED7C1D6B30DE00468B08 /* main.m */ = {isa = PBXFileReference; lastKnownFileType = sourcecode.c.objc; path = main.m; sourceTree = "<group>"; };
		0E47ED7E1D6B30DE00468B08 /* AppDelegate.h */ = {isa = PBXFileReference; lastKnownFileType = sourcecode.c.h; path = AppDelegate.h; sourceTree = "<group>"; };
		0E47ED7F1D6B30DE00468B08 /* AppDelegate.m */ = {isa = PBXFileReference; lastKnownFileType = sourcecode.c.objc; path = AppDelegate.m; sourceTree = "<group>"; };
		0E47ED811D6B30DE00468B08 /* ViewController.h */ = {isa = PBXFileReference; lastKnownFileType = sourcecode.c.h; path = ViewController.h; sourceTree = "<group>"; };
		0E47ED821D6B30DE00468B08 /* ViewController.m */ = {isa = PBXFileReference; lastKnownFileType = sourcecode.c.objc; path = ViewController.m; sourceTree = "<group>"; };
		0E47ED851D6B30DE00468B08 /* Base */ = {isa = PBXFileReference; lastKnownFileType = file.storyboard; name = Base; path = Base.lproj/Main.storyboard; sourceTree = "<group>"; };
		0E47ED871D6B30DE00468B08 /* Assets.xcassets */ = {isa = PBXFileReference; lastKnownFileType = folder.assetcatalog; path = Assets.xcassets; sourceTree = "<group>"; };
		0E47ED8A1D6B30DE00468B08 /* Base */ = {isa = PBXFileReference; lastKnownFileType = file.storyboard; name = Base; path = Base.lproj/LaunchScreen.storyboard; sourceTree = "<group>"; };
		0E47ED8C1D6B30DE00468B08 /* Info.plist */ = {isa = PBXFileReference; lastKnownFileType = text.plist.xml; path = Info.plist; sourceTree = "<group>"; };
		0E47ED911D6B30DF00468B08 /* GemificationTests.xctest */ = {isa = PBXFileReference; explicitFileType = wrapper.cfbundle; includeInIndex = 0; path = GemificationTests.xctest; sourceTree = BUILT_PRODUCTS_DIR; };
		0E47ED951D6B30DF00468B08 /* GemificationTests.m */ = {isa = PBXFileReference; lastKnownFileType = sourcecode.c.objc; path = GemificationTests.m; sourceTree = "<group>"; };
		0E47ED971D6B30DF00468B08 /* Info.plist */ = {isa = PBXFileReference; lastKnownFileType = text.plist.xml; path = Info.plist; sourceTree = "<group>"; };
		0E47ED9C1D6B30DF00468B08 /* GemificationUITests.xctest */ = {isa = PBXFileReference; explicitFileType = wrapper.cfbundle; includeInIndex = 0; path = GemificationUITests.xctest; sourceTree = BUILT_PRODUCTS_DIR; };
		0E47EDA01D6B30DF00468B08 /* GemificationUITests.m */ = {isa = PBXFileReference; lastKnownFileType = sourcecode.c.objc; path = GemificationUITests.m; sourceTree = "<group>"; };
		0E47EDA21D6B30DF00468B08 /* Info.plist */ = {isa = PBXFileReference; lastKnownFileType = text.plist.xml; path = Info.plist; sourceTree = "<group>"; };
		0EA999641D7A212200CF7C48 /* ProductAreaTableViewCell.h */ = {isa = PBXFileReference; fileEncoding = 4; lastKnownFileType = sourcecode.c.h; name = ProductAreaTableViewCell.h; path = ProductAreaTableViewCell/ProductAreaTableViewCell.h; sourceTree = "<group>"; };
		0EA999651D7A212200CF7C48 /* ProductAreaTableViewCell.m */ = {isa = PBXFileReference; fileEncoding = 4; lastKnownFileType = sourcecode.c.objc; name = ProductAreaTableViewCell.m; path = ProductAreaTableViewCell/ProductAreaTableViewCell.m; sourceTree = "<group>"; };
		0EA999681D7A280F00CF7C48 /* ProductAreaViewController.h */ = {isa = PBXFileReference; fileEncoding = 4; lastKnownFileType = sourcecode.c.h; name = ProductAreaViewController.h; path = ProductAreaViewController/ProductAreaViewController.h; sourceTree = "<group>"; };
		0EA999691D7A280F00CF7C48 /* ProductAreaViewController.m */ = {isa = PBXFileReference; fileEncoding = 4; lastKnownFileType = sourcecode.c.objc; name = ProductAreaViewController.m; path = ProductAreaViewController/ProductAreaViewController.m; sourceTree = "<group>"; };
		0EA9996C1D7A303600CF7C48 /* ProductDetailViewController.h */ = {isa = PBXFileReference; fileEncoding = 4; lastKnownFileType = sourcecode.c.h; name = ProductDetailViewController.h; path = ProductDetailViewController/ProductDetailViewController.h; sourceTree = "<group>"; };
		0EA9996D1D7A303600CF7C48 /* ProductDetailViewController.m */ = {isa = PBXFileReference; fileEncoding = 4; lastKnownFileType = sourcecode.c.objc; name = ProductDetailViewController.m; path = ProductDetailViewController/ProductDetailViewController.m; sourceTree = "<group>"; };
		2120A5D046802887B04FB307 /* Pods-Gemification.release.xcconfig */ = {isa = PBXFileReference; includeInIndex = 1; lastKnownFileType = text.xcconfig; name = "Pods-Gemification.release.xcconfig"; path = "Pods/Target Support Files/Pods-Gemification/Pods-Gemification.release.xcconfig"; sourceTree = "<group>"; };
		3A96FD8AC6794837E3FEC105 /* libPods-GemificationUITests.a */ = {isa = PBXFileReference; explicitFileType = archive.ar; includeInIndex = 0; path = "libPods-GemificationUITests.a"; sourceTree = BUILT_PRODUCTS_DIR; };
		5FD327718DF831E3264876AC /* Pods-GemificationTests.debug.xcconfig */ = {isa = PBXFileReference; includeInIndex = 1; lastKnownFileType = text.xcconfig; name = "Pods-GemificationTests.debug.xcconfig"; path = "Pods/Target Support Files/Pods-GemificationTests/Pods-GemificationTests.debug.xcconfig"; sourceTree = "<group>"; };
		9E2579776EBE7ACF23EDA418 /* libPods-Gemification.a */ = {isa = PBXFileReference; explicitFileType = archive.ar; includeInIndex = 0; path = "libPods-Gemification.a"; sourceTree = BUILT_PRODUCTS_DIR; };
		A666A15DBEB1E07191336D67 /* Pods-GemificationUITests.release.xcconfig */ = {isa = PBXFileReference; includeInIndex = 1; lastKnownFileType = text.xcconfig; name = "Pods-GemificationUITests.release.xcconfig"; path = "Pods/Target Support Files/Pods-GemificationUITests/Pods-GemificationUITests.release.xcconfig"; sourceTree = "<group>"; };
		AA00DC04941E266FB510E2A7 /* Pods-GemificationUITests.debug.xcconfig */ = {isa = PBXFileReference; includeInIndex = 1; lastKnownFileType = text.xcconfig; name = "Pods-GemificationUITests.debug.xcconfig"; path = "Pods/Target Support Files/Pods-GemificationUITests/Pods-GemificationUITests.debug.xcconfig"; sourceTree = "<group>"; };
		AC0449E32235D4F47F4DE291 /* Pods-GemificationTests.release.xcconfig */ = {isa = PBXFileReference; includeInIndex = 1; lastKnownFileType = text.xcconfig; name = "Pods-GemificationTests.release.xcconfig"; path = "Pods/Target Support Files/Pods-GemificationTests/Pods-GemificationTests.release.xcconfig"; sourceTree = "<group>"; };
		AFC84AAAABE4C1459396C39B /* libPods-GemificationTests.a */ = {isa = PBXFileReference; explicitFileType = archive.ar; includeInIndex = 0; path = "libPods-GemificationTests.a"; sourceTree = BUILT_PRODUCTS_DIR; };
		C52E10CE61C23C525D4B0D85 /* Pods-Gemification.debug.xcconfig */ = {isa = PBXFileReference; includeInIndex = 1; lastKnownFileType = text.xcconfig; name = "Pods-Gemification.debug.xcconfig"; path = "Pods/Target Support Files/Pods-Gemification/Pods-Gemification.debug.xcconfig"; sourceTree = "<group>"; };
		FCF4AB1D1D971AA200D5DF1F /* TrainingViewController.h */ = {isa = PBXFileReference; fileEncoding = 4; lastKnownFileType = sourcecode.c.h; name = TrainingViewController.h; path = TrainingViewController/TrainingViewController.h; sourceTree = "<group>"; };
		FCF4AB1E1D971AA200D5DF1F /* TrainingViewController.m */ = {isa = PBXFileReference; fileEncoding = 4; lastKnownFileType = sourcecode.c.objc; name = TrainingViewController.m; path = TrainingViewController/TrainingViewController.m; sourceTree = "<group>"; };
/* End PBXFileReference section */

/* Begin PBXFrameworksBuildPhase section */
		0E47ED751D6B30DE00468B08 /* Frameworks */ = {
			isa = PBXFrameworksBuildPhase;
			buildActionMask = 2147483647;
			files = (
				0650F8006589F08792F80B2D /* libPods-Gemification.a in Frameworks */,
			);
			runOnlyForDeploymentPostprocessing = 0;
		};
		0E47ED8E1D6B30DF00468B08 /* Frameworks */ = {
			isa = PBXFrameworksBuildPhase;
			buildActionMask = 2147483647;
			files = (
				096AF877E68B5E3D060F1F43 /* libPods-GemificationTests.a in Frameworks */,
			);
			runOnlyForDeploymentPostprocessing = 0;
		};
		0E47ED991D6B30DF00468B08 /* Frameworks */ = {
			isa = PBXFrameworksBuildPhase;
			buildActionMask = 2147483647;
			files = (
				6980521435FB1F3860003FE9 /* libPods-GemificationUITests.a in Frameworks */,
			);
			runOnlyForDeploymentPostprocessing = 0;
		};
/* End PBXFrameworksBuildPhase section */

/* Begin PBXGroup section */
		0E1A2AE51D78B7DE00D78CD8 /* SoftSkillViewController */ = {
			isa = PBXGroup;
			children = (
				0E1A2AE61D78B7FB00D78CD8 /* SoftSkillViewController.h */,
				0E1A2AE71D78B7FB00D78CD8 /* SoftSkillViewController.m */,
			);
			name = SoftSkillViewController;
			sourceTree = "<group>";
		};
		0E1A2AE91D78B83F00D78CD8 /* ProductsViewController */ = {
			isa = PBXGroup;
			children = (
				0E1A2AEA1D78B85600D78CD8 /* ProductsViewController.h */,
				0E1A2AEB1D78B85600D78CD8 /* ProductsViewController.m */,
			);
			name = ProductsViewController;
			sourceTree = "<group>";
		};
		0E1A2AED1D78B87B00D78CD8 /* TipsViewController */ = {
			isa = PBXGroup;
			children = (
				0E1A2AEE1D78B89100D78CD8 /* TipsViewController.h */,
				0E1A2AEF1D78B89100D78CD8 /* TipsViewController.m */,
			);
			name = TipsViewController;
			sourceTree = "<group>";
		};
		0E1A2AF11D78B8AF00D78CD8 /* MyQuizViewController */ = {
			isa = PBXGroup;
			children = (
				0E1A2AF21D78B8C500D78CD8 /* MyQuizViewController.h */,
				0E1A2AF31D78B8C500D78CD8 /* MyQuizViewController.m */,
			);
			name = MyQuizViewController;
			sourceTree = "<group>";
		};
		0E40FE811D76FDF10004C562 /* Library */ = {
			isa = PBXGroup;
			children = (
				0E40FE821D76FDF10004C562 /* API Manager */,
				0E40FE851D76FDF10004C562 /* Constants */,
			);
			path = Library;
			sourceTree = "<group>";
		};
		0E40FE821D76FDF10004C562 /* API Manager */ = {
			isa = PBXGroup;
			children = (
				0E40FE831D76FDF10004C562 /* ISAPIManager.h */,
				0E40FE841D76FDF10004C562 /* lSAPIManager.m */,
			);
			path = "API Manager";
			sourceTree = "<group>";
		};
		0E40FE851D76FDF10004C562 /* Constants */ = {
			isa = PBXGroup;
			children = (
				0E40FE861D76FDF10004C562 /* Constants.h */,
			);
			path = Constants;
			sourceTree = "<group>";
		};
		0E40FE981D7703350004C562 /* SideMenuViewController */ = {
			isa = PBXGroup;
			children = (
				0E40FE991D7703350004C562 /* SideMenuViewController.h */,
				0E40FE9A1D7703350004C562 /* SideMenuViewController.m */,
			);
			path = SideMenuViewController;
			sourceTree = "<group>";
		};
		0E40FE9C1D7703BB0004C562 /* Misc */ = {
			isa = PBXGroup;
			children = (
				0E40FE9D1D7703BB0004C562 /* Cell */,
			);
			path = Misc;
			sourceTree = "<group>";
		};
		0E40FE9D1D7703BB0004C562 /* Cell */ = {
			isa = PBXGroup;
			children = (
				0EA999631D7A20ED00CF7C48 /* ProductAreaTableViewCell */,
				0E40FE9E1D7703BB0004C562 /* SideMenuTableViewCell */,
			);
			path = Cell;
			sourceTree = "<group>";
		};
		0E40FE9E1D7703BB0004C562 /* SideMenuTableViewCell */ = {
			isa = PBXGroup;
			children = (
				0E40FE9F1D7703BB0004C562 /* SideMenuTableViewCell.h */,
				0E40FEA01D7703BB0004C562 /* SideMenuTableViewCell.m */,
			);
			path = SideMenuTableViewCell;
			sourceTree = "<group>";
		};
		0E40FEB11D7706F00004C562 /* SignUpViewController */ = {
			isa = PBXGroup;
			children = (
				0E40FEB21D77070F0004C562 /* SignUpViewController.h */,
				0E40FEB31D77070F0004C562 /* SignUpViewController.m */,
			);
			name = SignUpViewController;
			sourceTree = "<group>";
		};
		0E40FEB51D7707410004C562 /* DashboardViewController */ = {
			isa = PBXGroup;
			children = (
				0E40FEB61D7707740004C562 /* DashboardViewController.h */,
				0E40FEB71D7707740004C562 /* DashboardViewController.m */,
			);
			name = DashboardViewController;
			sourceTree = "<group>";
		};
		0E40FEB91D77094F0004C562 /* ProfileViewController */ = {
			isa = PBXGroup;
			children = (
				0E40FEBA1D7709630004C562 /* ProfileViewController.h */,
				0E40FEBB1D7709630004C562 /* ProfileViewController.m */,
			);
			name = ProfileViewController;
			sourceTree = "<group>";
		};
		0E40FEBD1D774C960004C562 /* ChatViewController */ = {
			isa = PBXGroup;
			children = (
				0E1A2AE21D78B7B800D78CD8 /* ChatViewController.h */,
				0E1A2AE31D78B7B800D78CD8 /* ChatViewController.m */,
			);
			name = ChatViewController;
			sourceTree = "<group>";
		};
		0E47ED6F1D6B30DE00468B08 = {
			isa = PBXGroup;
			children = (
				0E47ED7A1D6B30DE00468B08 /* Gemification */,
				0E47ED941D6B30DF00468B08 /* GemificationTests */,
				0E47ED9F1D6B30DF00468B08 /* GemificationUITests */,
				0E47ED791D6B30DE00468B08 /* Products */,
				A6D335A607F8A07380F9586D /* Pods */,
				FF007C169E45D4D1594FCF88 /* Frameworks */,
			);
			sourceTree = "<group>";
		};
		0E47ED791D6B30DE00468B08 /* Products */ = {
			isa = PBXGroup;
			children = (
				0E47ED781D6B30DE00468B08 /* Gemification.app */,
				0E47ED911D6B30DF00468B08 /* GemificationTests.xctest */,
				0E47ED9C1D6B30DF00468B08 /* GemificationUITests.xctest */,
			);
			name = Products;
			sourceTree = "<group>";
		};
		0E47ED7A1D6B30DE00468B08 /* Gemification */ = {
			isa = PBXGroup;
			children = (
				0E40FE9C1D7703BB0004C562 /* Misc */,
				0E40FE811D76FDF10004C562 /* Library */,
				0E739D721D6C7A20000D3409 /* Images */,
				0E739D731D6C7A20000D3409 /* MVC */,
				0E47ED7E1D6B30DE00468B08 /* AppDelegate.h */,
				0E47ED7F1D6B30DE00468B08 /* AppDelegate.m */,
				0E47ED811D6B30DE00468B08 /* ViewController.h */,
				0E47ED821D6B30DE00468B08 /* ViewController.m */,
				0E47ED841D6B30DE00468B08 /* Main.storyboard */,
				0E47ED871D6B30DE00468B08 /* Assets.xcassets */,
				0E47ED891D6B30DE00468B08 /* LaunchScreen.storyboard */,
				0E47ED8C1D6B30DE00468B08 /* Info.plist */,
				0E47ED7B1D6B30DE00468B08 /* Supporting Files */,
			);
			path = Gemification;
			sourceTree = "<group>";
		};
		0E47ED7B1D6B30DE00468B08 /* Supporting Files */ = {
			isa = PBXGroup;
			children = (
				0E47ED7C1D6B30DE00468B08 /* main.m */,
				0E40FE971D76FFCE0004C562 /* Gemification.pch */,
			);
			name = "Supporting Files";
			sourceTree = "<group>";
		};
		0E47ED941D6B30DF00468B08 /* GemificationTests */ = {
			isa = PBXGroup;
			children = (
				0E47ED951D6B30DF00468B08 /* GemificationTests.m */,
				0E47ED971D6B30DF00468B08 /* Info.plist */,
			);
			path = GemificationTests;
			sourceTree = "<group>";
		};
		0E47ED9F1D6B30DF00468B08 /* GemificationUITests */ = {
			isa = PBXGroup;
			children = (
				0E47EDA01D6B30DF00468B08 /* GemificationUITests.m */,
				0E47EDA21D6B30DF00468B08 /* Info.plist */,
			);
			path = GemificationUITests;
			sourceTree = "<group>";
		};
		0E739D721D6C7A20000D3409 /* Images */ = {
			isa = PBXGroup;
			children = (
				0E40FE7F1D76FD480004C562 /* abcd.png */,
			);
			path = Images;
			sourceTree = "<group>";
		};
		0E739D731D6C7A20000D3409 /* MVC */ = {
			isa = PBXGroup;
			children = (
				FCF4AB1C1D971A8900D5DF1F /* TrainingViewController */,
				0EA9996B1D7A2FD600CF7C48 /* ProductDetailViewController */,
				0EA999671D7A27CA00CF7C48 /* ProductAreaViewController */,
				0E1A2AF11D78B8AF00D78CD8 /* MyQuizViewController */,
				0E1A2AED1D78B87B00D78CD8 /* TipsViewController */,
				0E1A2AE91D78B83F00D78CD8 /* ProductsViewController */,
				0E1A2AE51D78B7DE00D78CD8 /* SoftSkillViewController */,
				0E40FEBD1D774C960004C562 /* ChatViewController */,
				0E40FEB91D77094F0004C562 /* ProfileViewController */,
				0E40FEB51D7707410004C562 /* DashboardViewController */,
				0E40FEB11D7706F00004C562 /* SignUpViewController */,
				0E40FE981D7703350004C562 /* SideMenuViewController */,
				0E739D741D6C7A2A000D3409 /* LoginViewController */,
			);
			path = MVC;
			sourceTree = "<group>";
		};
		0E739D741D6C7A2A000D3409 /* LoginViewController */ = {
			isa = PBXGroup;
			children = (
				0E40FEAE1D7706D60004C562 /* LoginViewController.h */,
				0E40FEAF1D7706D60004C562 /* LoginViewController.m */,
			);
			name = LoginViewController;
			sourceTree = "<group>";
		};
		0EA999631D7A20ED00CF7C48 /* ProductAreaTableViewCell */ = {
			isa = PBXGroup;
			children = (
				0EA999641D7A212200CF7C48 /* ProductAreaTableViewCell.h */,
				0EA999651D7A212200CF7C48 /* ProductAreaTableViewCell.m */,
			);
			name = ProductAreaTableViewCell;
			sourceTree = "<group>";
		};
		0EA999671D7A27CA00CF7C48 /* ProductAreaViewController */ = {
			isa = PBXGroup;
			children = (
				0EA999681D7A280F00CF7C48 /* ProductAreaViewController.h */,
				0EA999691D7A280F00CF7C48 /* ProductAreaViewController.m */,
			);
			name = ProductAreaViewController;
			sourceTree = "<group>";
		};
		0EA9996B1D7A2FD600CF7C48 /* ProductDetailViewController */ = {
			isa = PBXGroup;
			children = (
				0EA9996C1D7A303600CF7C48 /* ProductDetailViewController.h */,
				0EA9996D1D7A303600CF7C48 /* ProductDetailViewController.m */,
			);
			name = ProductDetailViewController;
			sourceTree = "<group>";
		};
		A6D335A607F8A07380F9586D /* Pods */ = {
			isa = PBXGroup;
			children = (
				C52E10CE61C23C525D4B0D85 /* Pods-Gemification.debug.xcconfig */,
				2120A5D046802887B04FB307 /* Pods-Gemification.release.xcconfig */,
				5FD327718DF831E3264876AC /* Pods-GemificationTests.debug.xcconfig */,
				AC0449E32235D4F47F4DE291 /* Pods-GemificationTests.release.xcconfig */,
				AA00DC04941E266FB510E2A7 /* Pods-GemificationUITests.debug.xcconfig */,
				A666A15DBEB1E07191336D67 /* Pods-GemificationUITests.release.xcconfig */,
			);
			name = Pods;
			sourceTree = "<group>";
		};
		FCF4AB1C1D971A8900D5DF1F /* TrainingViewController */ = {
			isa = PBXGroup;
			children = (
				FCF4AB1D1D971AA200D5DF1F /* TrainingViewController.h */,
				FCF4AB1E1D971AA200D5DF1F /* TrainingViewController.m */,
			);
			name = TrainingViewController;
			sourceTree = "<group>";
		};
		FF007C169E45D4D1594FCF88 /* Frameworks */ = {
			isa = PBXGroup;
			children = (
				9E2579776EBE7ACF23EDA418 /* libPods-Gemification.a */,
				AFC84AAAABE4C1459396C39B /* libPods-GemificationTests.a */,
				3A96FD8AC6794837E3FEC105 /* libPods-GemificationUITests.a */,
			);
			name = Frameworks;
			sourceTree = "<group>";
		};
/* End PBXGroup section */

/* Begin PBXNativeTarget section */
		0E47ED771D6B30DE00468B08 /* Gemification */ = {
			isa = PBXNativeTarget;
			buildConfigurationList = 0E47EDA51D6B30DF00468B08 /* Build configuration list for PBXNativeTarget "Gemification" */;
			buildPhases = (
				86A489C0DDD0A222DCAC9CEA /* [CP] Check Pods Manifest.lock */,
				0E47ED741D6B30DE00468B08 /* Sources */,
				0E47ED751D6B30DE00468B08 /* Frameworks */,
				0E47ED761D6B30DE00468B08 /* Resources */,
				D69C1712233A5BFF83A8B7F5 /* [CP] Embed Pods Frameworks */,
				66519A38D50302F284C3BD7D /* [CP] Copy Pods Resources */,
			);
			buildRules = (
			);
			dependencies = (
			);
			name = Gemification;
			productName = Gemification;
			productReference = 0E47ED781D6B30DE00468B08 /* Gemification.app */;
			productType = "com.apple.product-type.application";
		};
		0E47ED901D6B30DF00468B08 /* GemificationTests */ = {
			isa = PBXNativeTarget;
			buildConfigurationList = 0E47EDA81D6B30DF00468B08 /* Build configuration list for PBXNativeTarget "GemificationTests" */;
			buildPhases = (
				694E423AB02DFD0662A83530 /* [CP] Check Pods Manifest.lock */,
				0E47ED8D1D6B30DF00468B08 /* Sources */,
				0E47ED8E1D6B30DF00468B08 /* Frameworks */,
				0E47ED8F1D6B30DF00468B08 /* Resources */,
				5BBBE7A6534898B2EC8878A3 /* [CP] Embed Pods Frameworks */,
				BC08967475DB515B904F1E27 /* [CP] Copy Pods Resources */,
			);
			buildRules = (
			);
			dependencies = (
				0E47ED931D6B30DF00468B08 /* PBXTargetDependency */,
			);
			name = GemificationTests;
			productName = GemificationTests;
			productReference = 0E47ED911D6B30DF00468B08 /* GemificationTests.xctest */;
			productType = "com.apple.product-type.bundle.unit-test";
		};
		0E47ED9B1D6B30DF00468B08 /* GemificationUITests */ = {
			isa = PBXNativeTarget;
			buildConfigurationList = 0E47EDAB1D6B30DF00468B08 /* Build configuration list for PBXNativeTarget "GemificationUITests" */;
			buildPhases = (
				A7003CB43F91D0B0CBC145B5 /* [CP] Check Pods Manifest.lock */,
				0E47ED981D6B30DF00468B08 /* Sources */,
				0E47ED991D6B30DF00468B08 /* Frameworks */,
				0E47ED9A1D6B30DF00468B08 /* Resources */,
				3C6968C07AE93D4287BAC03F /* [CP] Copy Pods Resources */,
			);
			buildRules = (
			);
			dependencies = (
				0E47ED9E1D6B30DF00468B08 /* PBXTargetDependency */,
			);
			name = GemificationUITests;
			productName = GemificationUITests;
			productReference = 0E47ED9C1D6B30DF00468B08 /* GemificationUITests.xctest */;
			productType = "com.apple.product-type.bundle.ui-testing";
		};
/* End PBXNativeTarget section */

/* Begin PBXProject section */
		0E47ED701D6B30DE00468B08 /* Project object */ = {
			isa = PBXProject;
			attributes = {
				LastUpgradeCheck = 0800;
				ORGANIZATIONNAME = "Arshdeep Singh";
				TargetAttributes = {
					0E47ED771D6B30DE00468B08 = {
						CreatedOnToolsVersion = 7.3.1;
					};
					0E47ED901D6B30DF00468B08 = {
						CreatedOnToolsVersion = 7.3.1;
						TestTargetID = 0E47ED771D6B30DE00468B08;
					};
					0E47ED9B1D6B30DF00468B08 = {
						CreatedOnToolsVersion = 7.3.1;
						TestTargetID = 0E47ED771D6B30DE00468B08;
					};
				};
			};
			buildConfigurationList = 0E47ED731D6B30DE00468B08 /* Build configuration list for PBXProject "Gemification" */;
			compatibilityVersion = "Xcode 3.2";
			developmentRegion = English;
			hasScannedForEncodings = 0;
			knownRegions = (
				en,
				Base,
			);
			mainGroup = 0E47ED6F1D6B30DE00468B08;
			productRefGroup = 0E47ED791D6B30DE00468B08 /* Products */;
			projectDirPath = "";
			projectRoot = "";
			targets = (
				0E47ED771D6B30DE00468B08 /* Gemification */,
				0E47ED901D6B30DF00468B08 /* GemificationTests */,
				0E47ED9B1D6B30DF00468B08 /* GemificationUITests */,
			);
		};
/* End PBXProject section */

/* Begin PBXResourcesBuildPhase section */
		0E47ED761D6B30DE00468B08 /* Resources */ = {
			isa = PBXResourcesBuildPhase;
			buildActionMask = 2147483647;
			files = (
				0E47ED8B1D6B30DE00468B08 /* LaunchScreen.storyboard in Resources */,
				0E40FE801D76FD480004C562 /* abcd.png in Resources */,
				0E47ED881D6B30DE00468B08 /* Assets.xcassets in Resources */,
				0E47ED861D6B30DE00468B08 /* Main.storyboard in Resources */,
			);
			runOnlyForDeploymentPostprocessing = 0;
		};
		0E47ED8F1D6B30DF00468B08 /* Resources */ = {
			isa = PBXResourcesBuildPhase;
			buildActionMask = 2147483647;
			files = (
			);
			runOnlyForDeploymentPostprocessing = 0;
		};
		0E47ED9A1D6B30DF00468B08 /* Resources */ = {
			isa = PBXResourcesBuildPhase;
			buildActionMask = 2147483647;
			files = (
			);
			runOnlyForDeploymentPostprocessing = 0;
		};
/* End PBXResourcesBuildPhase section */

/* Begin PBXShellScriptBuildPhase section */
		3C6968C07AE93D4287BAC03F /* [CP] Copy Pods Resources */ = {
			isa = PBXShellScriptBuildPhase;
			buildActionMask = 2147483647;
			files = (
			);
			inputPaths = (
			);
			name = "[CP] Copy Pods Resources";
			outputPaths = (
			);
			runOnlyForDeploymentPostprocessing = 0;
			shellPath = /bin/sh;
			shellScript = "\"${SRCROOT}/Pods/Target Support Files/Pods-GemificationUITests/Pods-GemificationUITests-resources.sh\"\n";
			showEnvVarsInLog = 0;
		};
		5BBBE7A6534898B2EC8878A3 /* [CP] Embed Pods Frameworks */ = {
			isa = PBXShellScriptBuildPhase;
			buildActionMask = 2147483647;
			files = (
			);
			inputPaths = (
			);
			name = "[CP] Embed Pods Frameworks";
			outputPaths = (
			);
			runOnlyForDeploymentPostprocessing = 0;
			shellPath = /bin/sh;
			shellScript = "\"${SRCROOT}/Pods/Target Support Files/Pods-GemificationTests/Pods-GemificationTests-frameworks.sh\"\n";
			showEnvVarsInLog = 0;
		};
		66519A38D50302F284C3BD7D /* [CP] Copy Pods Resources */ = {
			isa = PBXShellScriptBuildPhase;
			buildActionMask = 2147483647;
			files = (
			);
			inputPaths = (
			);
			name = "[CP] Copy Pods Resources";
			outputPaths = (
			);
			runOnlyForDeploymentPostprocessing = 0;
			shellPath = /bin/sh;
			shellScript = "\"${SRCROOT}/Pods/Target Support Files/Pods-Gemification/Pods-Gemification-resources.sh\"\n";
			showEnvVarsInLog = 0;
		};
		694E423AB02DFD0662A83530 /* [CP] Check Pods Manifest.lock */ = {
			isa = PBXShellScriptBuildPhase;
			buildActionMask = 2147483647;
			files = (
			);
			inputPaths = (
			);
			name = "[CP] Check Pods Manifest.lock";
			outputPaths = (
			);
			runOnlyForDeploymentPostprocessing = 0;
			shellPath = /bin/sh;
			shellScript = "diff \"${PODS_ROOT}/../Podfile.lock\" \"${PODS_ROOT}/Manifest.lock\" > /dev/null\nif [[ $? != 0 ]] ; then\n    cat << EOM\nerror: The sandbox is not in sync with the Podfile.lock. Run 'pod install' or update your CocoaPods installation.\nEOM\n    exit 1\nfi\n";
			showEnvVarsInLog = 0;
		};
		86A489C0DDD0A222DCAC9CEA /* [CP] Check Pods Manifest.lock */ = {
			isa = PBXShellScriptBuildPhase;
			buildActionMask = 2147483647;
			files = (
			);
			inputPaths = (
			);
			name = "[CP] Check Pods Manifest.lock";
			outputPaths = (
			);
			runOnlyForDeploymentPostprocessing = 0;
			shellPath = /bin/sh;
			shellScript = "diff \"${PODS_ROOT}/../Podfile.lock\" \"${PODS_ROOT}/Manifest.lock\" > /dev/null\nif [[ $? != 0 ]] ; then\n    cat << EOM\nerror: The sandbox is not in sync with the Podfile.lock. Run 'pod install' or update your CocoaPods installation.\nEOM\n    exit 1\nfi\n";
			showEnvVarsInLog = 0;
		};
		A7003CB43F91D0B0CBC145B5 /* [CP] Check Pods Manifest.lock */ = {
			isa = PBXShellScriptBuildPhase;
			buildActionMask = 2147483647;
			files = (
			);
			inputPaths = (
			);
			name = "[CP] Check Pods Manifest.lock";
			outputPaths = (
			);
			runOnlyForDeploymentPostprocessing = 0;
			shellPath = /bin/sh;
			shellScript = "diff \"${PODS_ROOT}/../Podfile.lock\" \"${PODS_ROOT}/Manifest.lock\" > /dev/null\nif [[ $? != 0 ]] ; then\n    cat << EOM\nerror: The sandbox is not in sync with the Podfile.lock. Run 'pod install' or update your CocoaPods installation.\nEOM\n    exit 1\nfi\n";
			showEnvVarsInLog = 0;
		};
		BC08967475DB515B904F1E27 /* [CP] Copy Pods Resources */ = {
			isa = PBXShellScriptBuildPhase;
			buildActionMask = 2147483647;
			files = (
			);
			inputPaths = (
			);
			name = "[CP] Copy Pods Resources";
			outputPaths = (
			);
			runOnlyForDeploymentPostprocessing = 0;
			shellPath = /bin/sh;
			shellScript = "\"${SRCROOT}/Pods/Target Support Files/Pods-GemificationTests/Pods-GemificationTests-resources.sh\"\n";
			showEnvVarsInLog = 0;
		};
		D69C1712233A5BFF83A8B7F5 /* [CP] Embed Pods Frameworks */ = {
			isa = PBXShellScriptBuildPhase;
			buildActionMask = 2147483647;
			files = (
			);
			inputPaths = (
			);
			name = "[CP] Embed Pods Frameworks";
			outputPaths = (
			);
			runOnlyForDeploymentPostprocessing = 0;
			shellPath = /bin/sh;
			shellScript = "\"${SRCROOT}/Pods/Target Support Files/Pods-Gemification/Pods-Gemification-frameworks.sh\"\n";
			showEnvVarsInLog = 0;
		};
/* End PBXShellScriptBuildPhase section */

/* Begin PBXSourcesBuildPhase section */
		0E47ED741D6B30DE00468B08 /* Sources */ = {
			isa = PBXSourcesBuildPhase;
			buildActionMask = 2147483647;
			files = (
				0E1A2AF01D78B89100D78CD8 /* TipsViewController.m in Sources */,
				0E40FEB01D7706D60004C562 /* LoginViewController.m in Sources */,
				0EA999661D7A212200CF7C48 /* ProductAreaTableViewCell.m in Sources */,
				0EA9996E1D7A303600CF7C48 /* ProductDetailViewController.m in Sources */,
				0E40FE9B1D7703350004C562 /* SideMenuViewController.m in Sources */,
				0E1A2AF41D78B8C500D78CD8 /* MyQuizViewController.m in Sources */,
				0EA9996A1D7A280F00CF7C48 /* ProductAreaViewController.m in Sources */,
				0E47ED831D6B30DE00468B08 /* ViewController.m in Sources */,
				0E40FE911D76FDF10004C562 /* lSAPIManager.m in Sources */,
				0E1A2AE41D78B7B800D78CD8 /* ChatViewController.m in Sources */,
				0E40FEB81D7707740004C562 /* DashboardViewController.m in Sources */,
				0E47ED801D6B30DE00468B08 /* AppDelegate.m in Sources */,
				0E47ED7D1D6B30DE00468B08 /* main.m in Sources */,
				0E40FEBC1D7709630004C562 /* ProfileViewController.m in Sources */,
				0E40FEAA1D7703BB0004C562 /* SideMenuTableViewCell.m in Sources */,
				0E1A2AE81D78B7FC00D78CD8 /* SoftSkillViewController.m in Sources */,
				0E1A2AEC1D78B85600D78CD8 /* ProductsViewController.m in Sources */,
				0E40FEB41D77070F0004C562 /* SignUpViewController.m in Sources */,
				FCF4AB1F1D971AA200D5DF1F /* TrainingViewController.m in Sources */,
			);
			runOnlyForDeploymentPostprocessing = 0;
		};
		0E47ED8D1D6B30DF00468B08 /* Sources */ = {
			isa = PBXSourcesBuildPhase;
			buildActionMask = 2147483647;
			files = (
				0E47ED961D6B30DF00468B08 /* GemificationTests.m in Sources */,
			);
			runOnlyForDeploymentPostprocessing = 0;
		};
		0E47ED981D6B30DF00468B08 /* Sources */ = {
			isa = PBXSourcesBuildPhase;
			buildActionMask = 2147483647;
			files = (
				0E47EDA11D6B30DF00468B08 /* GemificationUITests.m in Sources */,
			);
			runOnlyForDeploymentPostprocessing = 0;
		};
/* End PBXSourcesBuildPhase section */

/* Begin PBXTargetDependency section */
		0E47ED931D6B30DF00468B08 /* PBXTargetDependency */ = {
			isa = PBXTargetDependency;
			target = 0E47ED771D6B30DE00468B08 /* Gemification */;
			targetProxy = 0E47ED921D6B30DF00468B08 /* PBXContainerItemProxy */;
		};
		0E47ED9E1D6B30DF00468B08 /* PBXTargetDependency */ = {
			isa = PBXTargetDependency;
			target = 0E47ED771D6B30DE00468B08 /* Gemification */;
			targetProxy = 0E47ED9D1D6B30DF00468B08 /* PBXContainerItemProxy */;
		};
/* End PBXTargetDependency section */

/* Begin PBXVariantGroup section */
		0E47ED841D6B30DE00468B08 /* Main.storyboard */ = {
			isa = PBXVariantGroup;
			children = (
				0E47ED851D6B30DE00468B08 /* Base */,
			);
			name = Main.storyboard;
			sourceTree = "<group>";
		};
		0E47ED891D6B30DE00468B08 /* LaunchScreen.storyboard */ = {
			isa = PBXVariantGroup;
			children = (
				0E47ED8A1D6B30DE00468B08 /* Base */,
			);
			name = LaunchScreen.storyboard;
			sourceTree = "<group>";
		};
/* End PBXVariantGroup section */

/* Begin XCBuildConfiguration section */
		0E47EDA31D6B30DF00468B08 /* Debug */ = {
			isa = XCBuildConfiguration;
			buildSettings = {
				ALWAYS_SEARCH_USER_PATHS = NO;
				CLANG_ANALYZER_NONNULL = YES;
				CLANG_CXX_LANGUAGE_STANDARD = "gnu++0x";
				CLANG_CXX_LIBRARY = "libc++";
				CLANG_ENABLE_MODULES = YES;
				CLANG_ENABLE_OBJC_ARC = YES;
				CLANG_WARN_BOOL_CONVERSION = YES;
				CLANG_WARN_CONSTANT_CONVERSION = YES;
				CLANG_WARN_DIRECT_OBJC_ISA_USAGE = YES_ERROR;
				CLANG_WARN_EMPTY_BODY = YES;
				CLANG_WARN_ENUM_CONVERSION = YES;
				CLANG_WARN_INFINITE_RECURSION = YES;
				CLANG_WARN_INT_CONVERSION = YES;
				CLANG_WARN_OBJC_ROOT_CLASS = YES_ERROR;
				CLANG_WARN_SUSPICIOUS_MOVE = YES;
				CLANG_WARN_UNREACHABLE_CODE = YES;
				CLANG_WARN__DUPLICATE_METHOD_MATCH = YES;
				"CODE_SIGN_IDENTITY[sdk=iphoneos*]" = "iPhone Developer";
				COPY_PHASE_STRIP = NO;
				DEBUG_INFORMATION_FORMAT = dwarf;
				ENABLE_STRICT_OBJC_MSGSEND = YES;
				ENABLE_TESTABILITY = YES;
				GCC_C_LANGUAGE_STANDARD = gnu99;
				GCC_DYNAMIC_NO_PIC = NO;
				GCC_NO_COMMON_BLOCKS = YES;
				GCC_OPTIMIZATION_LEVEL = 0;
				GCC_PREPROCESSOR_DEFINITIONS = (
					"DEBUG=1",
					"$(inherited)",
				);
				GCC_WARN_64_TO_32_BIT_CONVERSION = YES;
				GCC_WARN_ABOUT_RETURN_TYPE = YES_ERROR;
				GCC_WARN_UNDECLARED_SELECTOR = YES;
				GCC_WARN_UNINITIALIZED_AUTOS = YES_AGGRESSIVE;
				GCC_WARN_UNUSED_FUNCTION = YES;
				GCC_WARN_UNUSED_VARIABLE = YES;
				IPHONEOS_DEPLOYMENT_TARGET = 8.0;
				MTL_ENABLE_DEBUG_INFO = YES;
				ONLY_ACTIVE_ARCH = YES;
				SDKROOT = iphoneos;
				TARGETED_DEVICE_FAMILY = "1,2";
			};
			name = Debug;
		};
		0E47EDA41D6B30DF00468B08 /* Release */ = {
			isa = XCBuildConfiguration;
			buildSettings = {
				ALWAYS_SEARCH_USER_PATHS = NO;
				CLANG_ANALYZER_NONNULL = YES;
				CLANG_CXX_LANGUAGE_STANDARD = "gnu++0x";
				CLANG_CXX_LIBRARY = "libc++";
				CLANG_ENABLE_MODULES = YES;
				CLANG_ENABLE_OBJC_ARC = YES;
				CLANG_WARN_BOOL_CONVERSION = YES;
				CLANG_WARN_CONSTANT_CONVERSION = YES;
				CLANG_WARN_DIRECT_OBJC_ISA_USAGE = YES_ERROR;
				CLANG_WARN_EMPTY_BODY = YES;
				CLANG_WARN_ENUM_CONVERSION = YES;
				CLANG_WARN_INFINITE_RECURSION = YES;
				CLANG_WARN_INT_CONVERSION = YES;
				CLANG_WARN_OBJC_ROOT_CLASS = YES_ERROR;
				CLANG_WARN_SUSPICIOUS_MOVE = YES;
				CLANG_WARN_UNREACHABLE_CODE = YES;
				CLANG_WARN__DUPLICATE_METHOD_MATCH = YES;
				"CODE_SIGN_IDENTITY[sdk=iphoneos*]" = "iPhone Developer";
				COPY_PHASE_STRIP = NO;
				DEBUG_INFORMATION_FORMAT = "dwarf-with-dsym";
				ENABLE_NS_ASSERTIONS = NO;
				ENABLE_STRICT_OBJC_MSGSEND = YES;
				GCC_C_LANGUAGE_STANDARD = gnu99;
				GCC_NO_COMMON_BLOCKS = YES;
				GCC_WARN_64_TO_32_BIT_CONVERSION = YES;
				GCC_WARN_ABOUT_RETURN_TYPE = YES_ERROR;
				GCC_WARN_UNDECLARED_SELECTOR = YES;
				GCC_WARN_UNINITIALIZED_AUTOS = YES_AGGRESSIVE;
				GCC_WARN_UNUSED_FUNCTION = YES;
				GCC_WARN_UNUSED_VARIABLE = YES;
				IPHONEOS_DEPLOYMENT_TARGET = 8.0;
				MTL_ENABLE_DEBUG_INFO = NO;
				SDKROOT = iphoneos;
				TARGETED_DEVICE_FAMILY = "1,2";
				VALIDATE_PRODUCT = YES;
			};
			name = Release;
		};
		0E47EDA61D6B30DF00468B08 /* Debug */ = {
			isa = XCBuildConfiguration;
			baseConfigurationReference = C52E10CE61C23C525D4B0D85 /* Pods-Gemification.debug.xcconfig */;
			buildSettings = {
				ASSETCATALOG_COMPILER_APPICON_NAME = AppIcon;
				CODE_SIGN_IDENTITY = "iPhone Distribution: HUMAN RB SOLUTIONS - CONSULTORES EM RECURSOS HUMANOS, LDA (CF2NLF9HXY)";
				GCC_PREFIX_HEADER = "$(SRCROOT)/$(PROJECT_NAME)/Gemification.pch";
				INFOPLIST_FILE = Gemification/Info.plist;
				IPHONEOS_DEPLOYMENT_TARGET = 8.0;
				LD_RUNPATH_SEARCH_PATHS = "$(inherited) @executable_path/Frameworks";
				PRODUCT_BUNDLE_IDENTIFIER = com.rootflyinfo.gemificaiton;
				PRODUCT_NAME = "$(TARGET_NAME)";
				PROVISIONING_PROFILE = "d8586484-5ace-473d-87a2-689a124a6a65";
			};
			name = Debug;
		};
		0E47EDA71D6B30DF00468B08 /* Release */ = {
			isa = XCBuildConfiguration;
			baseConfigurationReference = 2120A5D046802887B04FB307 /* Pods-Gemification.release.xcconfig */;
			buildSettings = {
				ASSETCATALOG_COMPILER_APPICON_NAME = AppIcon;
				CODE_SIGN_IDENTITY = "iPhone Distribution: HUMAN RB SOLUTIONS - CONSULTORES EM RECURSOS HUMANOS, LDA (CF2NLF9HXY)";
				GCC_PREFIX_HEADER = "$(SRCROOT)/$(PROJECT_NAME)/Gemification.pch";
				INFOPLIST_FILE = Gemification/Info.plist;
				IPHONEOS_DEPLOYMENT_TARGET = 8.0;
				LD_RUNPATH_SEARCH_PATHS = "$(inherited) @executable_path/Frameworks";
				PRODUCT_BUNDLE_IDENTIFIER = com.rootflyinfo.gemificaiton;
				PRODUCT_NAME = "$(TARGET_NAME)";
				PROVISIONING_PROFILE = "d8586484-5ace-473d-87a2-689a124a6a65";
			};
			name = Release;
		};
		0E47EDA91D6B30DF00468B08 /* Debug */ = {
			isa = XCBuildConfiguration;
			baseConfigurationReference = 5FD327718DF831E3264876AC /* Pods-GemificationTests.debug.xcconfig */;
			buildSettings = {
				BUNDLE_LOADER = "$(TEST_HOST)";
				INFOPLIST_FILE = GemificationTests/Info.plist;
				LD_RUNPATH_SEARCH_PATHS = "$(inherited) @executable_path/Frameworks @loader_path/Frameworks";
				PRODUCT_BUNDLE_IDENTIFIER = com.rootfly.GemificationTests;
				PRODUCT_NAME = "$(TARGET_NAME)";
				TEST_HOST = "$(BUILT_PRODUCTS_DIR)/Gemification.app/Gemification";
			};
			name = Debug;
		};
		0E47EDAA1D6B30DF00468B08 /* Release */ = {
			isa = XCBuildConfiguration;
			baseConfigurationReference = AC0449E32235D4F47F4DE291 /* Pods-GemificationTests.release.xcconfig */;
			buildSettings = {
				BUNDLE_LOADER = "$(TEST_HOST)";
				INFOPLIST_FILE = GemificationTests/Info.plist;
				LD_RUNPATH_SEARCH_PATHS = "$(inherited) @executable_path/Frameworks @loader_path/Frameworks";
				PRODUCT_BUNDLE_IDENTIFIER = com.rootfly.GemificationTests;
				PRODUCT_NAME = "$(TARGET_NAME)";
				TEST_HOST = "$(BUILT_PRODUCTS_DIR)/Gemification.app/Gemification";
			};
			name = Release;
		};
		0E47EDAC1D6B30DF00468B08 /* Debug */ = {
			isa = XCBuildConfiguration;
			baseConfigurationReference = AA00DC04941E266FB510E2A7 /* Pods-GemificationUITests.debug.xcconfig */;
			buildSettings = {
				INFOPLIST_FILE = GemificationUITests/Info.plist;
				LD_RUNPATH_SEARCH_PATHS = "$(inherited) @executable_path/Frameworks @loader_path/Frameworks";
				PRODUCT_BUNDLE_IDENTIFIER = com.rootfly.GemificationUITests;
				PRODUCT_NAME = "$(TARGET_NAME)";
				TEST_TARGET_NAME = Gemification;
			};
			name = Debug;
		};
		0E47EDAD1D6B30DF00468B08 /* Release */ = {
			isa = XCBuildConfiguration;
			baseConfigurationReference = A666A15DBEB1E07191336D67 /* Pods-GemificationUITests.release.xcconfig */;
			buildSettings = {
				INFOPLIST_FILE = GemificationUITests/Info.plist;
				LD_RUNPATH_SEARCH_PATHS = "$(inherited) @executable_path/Frameworks @loader_path/Frameworks";
				PRODUCT_BUNDLE_IDENTIFIER = com.rootfly.GemificationUITests;
				PRODUCT_NAME = "$(TARGET_NAME)";
				TEST_TARGET_NAME = Gemification;
			};
			name = Release;
		};
/* End XCBuildConfiguration section */

/* Begin XCConfigurationList section */
		0E47ED731D6B30DE00468B08 /* Build configuration list for PBXProject "Gemification" */ = {
			isa = XCConfigurationList;
			buildConfigurations = (
				0E47EDA31D6B30DF00468B08 /* Debug */,
				0E47EDA41D6B30DF00468B08 /* Release */,
			);
			defaultConfigurationIsVisible = 0;
			defaultConfigurationName = Release;
		};
		0E47EDA51D6B30DF00468B08 /* Build configuration list for PBXNativeTarget "Gemification" */ = {
			isa = XCConfigurationList;
			buildConfigurations = (
				0E47EDA61D6B30DF00468B08 /* Debug */,
				0E47EDA71D6B30DF00468B08 /* Release */,
			);
			defaultConfigurationIsVisible = 0;
			defaultConfigurationName = Release;
		};
		0E47EDA81D6B30DF00468B08 /* Build configuration list for PBXNativeTarget "GemificationTests" */ = {
			isa = XCConfigurationList;
			buildConfigurations = (
				0E47EDA91D6B30DF00468B08 /* Debug */,
				0E47EDAA1D6B30DF00468B08 /* Release */,
			);
			defaultConfigurationIsVisible = 0;
			defaultConfigurationName = Release;
		};
		0E47EDAB1D6B30DF00468B08 /* Build configuration list for PBXNativeTarget "GemificationUITests" */ = {
			isa = XCConfigurationList;
			buildConfigurations = (
				0E47EDAC1D6B30DF00468B08 /* Debug */,
				0E47EDAD1D6B30DF00468B08 /* Release */,
			);
			defaultConfigurationIsVisible = 0;
			defaultConfigurationName = Release;
		};
/* End XCConfigurationList section */
	};
	rootObject = 0E47ED701D6B30DE00468B08 /* Project object */;
}
